// !$*UTF8*$!
{
	archiveVersion = 1;
	classes = {
	};
	objectVersion = 50;
	objects = {

/* Begin PBXBuildFile section */
		1C1B05FD278FD5910005718F /* RegisterViewController.swift in Sources */ = {isa = PBXBuildFile; fileRef = 1C1B05FC278FD5910005718F /* RegisterViewController.swift */; };
		1C1B05FF278FD7FD0005718F /* Helper.swift in Sources */ = {isa = PBXBuildFile; fileRef = 1C1B05FE278FD7FD0005718F /* Helper.swift */; };
		1C37067C27907E6300F2137C /* CommentItemViewCell.swift in Sources */ = {isa = PBXBuildFile; fileRef = 1C37067B27907E6300F2137C /* CommentItemViewCell.swift */; };
		1C38E3EE2790091F005B73C5 /* ProfileViewController.swift in Sources */ = {isa = PBXBuildFile; fileRef = 1C38E3ED2790091F005B73C5 /* ProfileViewController.swift */; };
		1C38E3F027900D97005B73C5 /* EditProfileViewController.swift in Sources */ = {isa = PBXBuildFile; fileRef = 1C38E3EF27900D97005B73C5 /* EditProfileViewController.swift */; };
		1C38E3F22790205A005B73C5 /* AddStoryViewController.swift in Sources */ = {isa = PBXBuildFile; fileRef = 1C38E3F12790205A005B73C5 /* AddStoryViewController.swift */; };
		1C38E3F427902BA7005B73C5 /* StoryItemViewCell.swift in Sources */ = {isa = PBXBuildFile; fileRef = 1C38E3F327902BA7005B73C5 /* StoryItemViewCell.swift */; };
		1C38E3F6279032EB005B73C5 /* HomeViewController.swift in Sources */ = {isa = PBXBuildFile; fileRef = 1C38E3F5279032EB005B73C5 /* HomeViewController.swift */; };
		1C38E3F82790482C005B73C5 /* StoryDetailViewController.swift in Sources */ = {isa = PBXBuildFile; fileRef = 1C38E3F72790482C005B73C5 /* StoryDetailViewController.swift */; };
		1C3B3E1A278ED4C700D51A47 /* AppDelegate.swift in Sources */ = {isa = PBXBuildFile; fileRef = 1C3B3E19278ED4C700D51A47 /* AppDelegate.swift */; };
		1C3B3E1C278ED4C700D51A47 /* ViewController.swift in Sources */ = {isa = PBXBuildFile; fileRef = 1C3B3E1B278ED4C700D51A47 /* ViewController.swift */; };
		1C3B3E1F278ED4C700D51A47 /* Main.storyboard in Resources */ = {isa = PBXBuildFile; fileRef = 1C3B3E1D278ED4C700D51A47 /* Main.storyboard */; };
		1C3B3E22278ED4C700D51A47 /* Vlatpadd.xcdatamodeld in Sources */ = {isa = PBXBuildFile; fileRef = 1C3B3E20278ED4C700D51A47 /* Vlatpadd.xcdatamodeld */; };
		1C3B3E24278ED4C900D51A47 /* Assets.xcassets in Resources */ = {isa = PBXBuildFile; fileRef = 1C3B3E23278ED4C900D51A47 /* Assets.xcassets */; };
		1C3B3E27278ED4C900D51A47 /* LaunchScreen.storyboard in Resources */ = {isa = PBXBuildFile; fileRef = 1C3B3E25278ED4C900D51A47 /* LaunchScreen.storyboard */; };
/* End PBXBuildFile section */

/* Begin PBXFileReference section */
		1C1B05FC278FD5910005718F /* RegisterViewController.swift */ = {isa = PBXFileReference; lastKnownFileType = sourcecode.swift; path = RegisterViewController.swift; sourceTree = "<group>"; };
		1C1B05FE278FD7FD0005718F /* Helper.swift */ = {isa = PBXFileReference; lastKnownFileType = sourcecode.swift; path = Helper.swift; sourceTree = "<group>"; };
		1C37067B27907E6300F2137C /* CommentItemViewCell.swift */ = {isa = PBXFileReference; lastKnownFileType = sourcecode.swift; path = CommentItemViewCell.swift; sourceTree = "<group>"; };
		1C38E3ED2790091F005B73C5 /* ProfileViewController.swift */ = {isa = PBXFileReference; lastKnownFileType = sourcecode.swift; path = ProfileViewController.swift; sourceTree = "<group>"; };
		1C38E3EF27900D97005B73C5 /* EditProfileViewController.swift */ = {isa = PBXFileReference; lastKnownFileType = sourcecode.swift; path = EditProfileViewController.swift; sourceTree = "<group>"; };
		1C38E3F12790205A005B73C5 /* AddStoryViewController.swift */ = {isa = PBXFileReference; lastKnownFileType = sourcecode.swift; path = AddStoryViewController.swift; sourceTree = "<group>"; };
		1C38E3F327902BA7005B73C5 /* StoryItemViewCell.swift */ = {isa = PBXFileReference; lastKnownFileType = sourcecode.swift; path = StoryItemViewCell.swift; sourceTree = "<group>"; };
		1C38E3F5279032EB005B73C5 /* HomeViewController.swift */ = {isa = PBXFileReference; lastKnownFileType = sourcecode.swift; path = HomeViewController.swift; sourceTree = "<group>"; };
		1C38E3F72790482C005B73C5 /* StoryDetailViewController.swift */ = {isa = PBXFileReference; lastKnownFileType = sourcecode.swift; path = StoryDetailViewController.swift; sourceTree = "<group>"; };
		1C3B3E16278ED4C700D51A47 /* Vlatpadd.app */ = {isa = PBXFileReference; explicitFileType = wrapper.application; includeInIndex = 0; path = Vlatpadd.app; sourceTree = BUILT_PRODUCTS_DIR; };
		1C3B3E19278ED4C700D51A47 /* AppDelegate.swift */ = {isa = PBXFileReference; lastKnownFileType = sourcecode.swift; path = AppDelegate.swift; sourceTree = "<group>"; };
		1C3B3E1B278ED4C700D51A47 /* ViewController.swift */ = {isa = PBXFileReference; lastKnownFileType = sourcecode.swift; path = ViewController.swift; sourceTree = "<group>"; };
		1C3B3E1E278ED4C700D51A47 /* Base */ = {isa = PBXFileReference; lastKnownFileType = file.storyboard; name = Base; path = Base.lproj/Main.storyboard; sourceTree = "<group>"; };
		1C3B3E21278ED4C700D51A47 /* Vlatpadd.xcdatamodel */ = {isa = PBXFileReference; lastKnownFileType = wrapper.xcdatamodel; path = Vlatpadd.xcdatamodel; sourceTree = "<group>"; };
		1C3B3E23278ED4C900D51A47 /* Assets.xcassets */ = {isa = PBXFileReference; lastKnownFileType = folder.assetcatalog; path = Assets.xcassets; sourceTree = "<group>"; };
		1C3B3E26278ED4C900D51A47 /* Base */ = {isa = PBXFileReference; lastKnownFileType = file.storyboard; name = Base; path = Base.lproj/LaunchScreen.storyboard; sourceTree = "<group>"; };
		1C3B3E28278ED4C900D51A47 /* Info.plist */ = {isa = PBXFileReference; lastKnownFileType = text.plist.xml; path = Info.plist; sourceTree = "<group>"; };
/* End PBXFileReference section */

/* Begin PBXFrameworksBuildPhase section */
		1C3B3E13278ED4C700D51A47 /* Frameworks */ = {
			isa = PBXFrameworksBuildPhase;
			buildActionMask = 2147483647;
			files = (
			);
			runOnlyForDeploymentPostprocessing = 0;
		};
/* End PBXFrameworksBuildPhase section */

/* Begin PBXGroup section */
		1C3B3E0D278ED4C700D51A47 = {
			isa = PBXGroup;
			children = (
				1C3B3E18278ED4C700D51A47 /* Vlatpadd */,
				1C3B3E17278ED4C700D51A47 /* Products */,
			);
			sourceTree = "<group>";
		};
		1C3B3E17278ED4C700D51A47 /* Products */ = {
			isa = PBXGroup;
			children = (
				1C3B3E16278ED4C700D51A47 /* Vlatpadd.app */,
			);
			name = Products;
			sourceTree = "<group>";
		};
		1C3B3E18278ED4C700D51A47 /* Vlatpadd */ = {
			isa = PBXGroup;
			children = (
				1C3B3E19278ED4C700D51A47 /* AppDelegate.swift */,
				1C1B05FE278FD7FD0005718F /* Helper.swift */,
				1C3B3E1D278ED4C700D51A47 /* Main.storyboard */,
				1C3B3E1B278ED4C700D51A47 /* ViewController.swift */,
				1C1B05FC278FD5910005718F /* RegisterViewController.swift */,
				1C38E3F5279032EB005B73C5 /* HomeViewController.swift */,
				1C38E3F72790482C005B73C5 /* StoryDetailViewController.swift */,
				1C37067B27907E6300F2137C /* CommentItemViewCell.swift */,
				1C38E3ED2790091F005B73C5 /* ProfileViewController.swift */,
				1C38E3F327902BA7005B73C5 /* StoryItemViewCell.swift */,
				1C38E3EF27900D97005B73C5 /* EditProfileViewController.swift */,
				1C38E3F12790205A005B73C5 /* AddStoryViewController.swift */,
				1C3B3E25278ED4C900D51A47 /* LaunchScreen.storyboard */,
				1C3B3E28278ED4C900D51A47 /* Info.plist */,
				1C3B3E20278ED4C700D51A47 /* Vlatpadd.xcdatamodeld */,
				1C3B3E23278ED4C900D51A47 /* Assets.xcassets */,
			);
			path = Vlatpadd;
			sourceTree = "<group>";
		};
/* End PBXGroup section */

/* Begin PBXNativeTarget section */
		1C3B3E15278ED4C700D51A47 /* Vlatpadd */ = {
			isa = PBXNativeTarget;
			buildConfigurationList = 1C3B3E2B278ED4C900D51A47 /* Build configuration list for PBXNativeTarget "Vlatpadd" */;
			buildPhases = (
				1C3B3E12278ED4C700D51A47 /* Sources */,
				1C3B3E13278ED4C700D51A47 /* Frameworks */,
				1C3B3E14278ED4C700D51A47 /* Resources */,
			);
			buildRules = (
			);
			dependencies = (
			);
			name = Vlatpadd;
			productName = Vlatpadd;
			productReference = 1C3B3E16278ED4C700D51A47 /* Vlatpadd.app */;
			productType = "com.apple.product-type.application";
		};
/* End PBXNativeTarget section */

/* Begin PBXProject section */
		1C3B3E0E278ED4C700D51A47 /* Project object */ = {
			isa = PBXProject;
			attributes = {
				LastSwiftUpdateCheck = 1010;
				LastUpgradeCheck = 1010;
				ORGANIZATIONNAME = "Lukas Tanto";
				TargetAttributes = {
					1C3B3E15278ED4C700D51A47 = {
						CreatedOnToolsVersion = 10.1;
					};
				};
			};
			buildConfigurationList = 1C3B3E11278ED4C700D51A47 /* Build configuration list for PBXProject "Vlatpadd" */;
			compatibilityVersion = "Xcode 9.3";
			developmentRegion = en;
			hasScannedForEncodings = 0;
			knownRegions = (
				en,
				Base,
			);
			mainGroup = 1C3B3E0D278ED4C700D51A47;
			productRefGroup = 1C3B3E17278ED4C700D51A47 /* Products */;
			projectDirPath = "";
			projectRoot = "";
			targets = (
				1C3B3E15278ED4C700D51A47 /* Vlatpadd */,
			);
		};
/* End PBXProject section */

/* Begin PBXResourcesBuildPhase section */
		1C3B3E14278ED4C700D51A47 /* Resources */ = {
			isa = PBXResourcesBuildPhase;
			buildActionMask = 2147483647;
			files = (
				1C3B3E27278ED4C900D51A47 /* LaunchScreen.storyboard in Resources */,
				1C3B3E24278ED4C900D51A47 /* Assets.xcassets in Resources */,
				1C3B3E1F278ED4C700D51A47 /* Main.storyboard in Resources */,
			);
			runOnlyForDeploymentPostprocessing = 0;
		};
/* End PBXResourcesBuildPhase section */

/* Begin PBXSourcesBuildPhase section */
		1C3B3E12278ED4C700D51A47 /* Sources */ = {
			isa = PBXSourcesBuildPhase;
			buildActionMask = 2147483647;
			files = (
				1C38E3F82790482C005B73C5 /* StoryDetailViewController.swift in Sources */,
				1C38E3F22790205A005B73C5 /* AddStoryViewController.swift in Sources */,
				1C38E3EE2790091F005B73C5 /* ProfileViewController.swift in Sources */,
				1C3B3E22278ED4C700D51A47 /* Vlatpadd.xcdatamodeld in Sources */,
				1C3B3E1C278ED4C700D51A47 /* ViewController.swift in Sources */,
				1C37067C27907E6300F2137C /* CommentItemViewCell.swift in Sources */,
				1C1B05FF278FD7FD0005718F /* Helper.swift in Sources */,
				1C38E3F6279032EB005B73C5 /* HomeViewController.swift in Sources */,
				1C3B3E1A278ED4C700D51A47 /* AppDelegate.swift in Sources */,
				1C1B05FD278FD5910005718F /* RegisterViewController.swift in Sources */,
				1C38E3F427902BA7005B73C5 /* StoryItemViewCell.swift in Sources */,
				1C38E3F027900D97005B73C5 /* EditProfileViewController.swift in Sources */,
			);
			runOnlyForDeploymentPostprocessing = 0;
		};
/* End PBXSourcesBuildPhase section */

/* Begin PBXVariantGroup section */
		1C3B3E1D278ED4C700D51A47 /* Main.storyboard */ = {
			isa = PBXVariantGroup;
			children = (
				1C3B3E1E278ED4C700D51A47 /* Base */,
			);
			name = Main.storyboard;
			sourceTree = "<group>";
		};
		1C3B3E25278ED4C900D51A47 /* LaunchScreen.storyboard */ = {
			isa = PBXVariantGroup;
			children = (
				1C3B3E26278ED4C900D51A47 /* Base */,
			);
			name = LaunchScreen.storyboard;
			sourceTree = "<group>";
		};
/* End PBXVariantGroup section */

/* Begin XCBuildConfiguration section */
		1C3B3E29278ED4C900D51A47 /* Debug */ = {
			isa = XCBuildConfiguration;
			buildSettings = {
				ALWAYS_SEARCH_USER_PATHS = NO;
				CLANG_ANALYZER_NONNULL = YES;
				CLANG_ANALYZER_NUMBER_OBJECT_CONVERSION = YES_AGGRESSIVE;
				CLANG_CXX_LANGUAGE_STANDARD = "gnu++14";
				CLANG_CXX_LIBRARY = "libc++";
				CLANG_ENABLE_MODULES = YES;
				CLANG_ENABLE_OBJC_ARC = YES;
				CLANG_ENABLE_OBJC_WEAK = YES;
				CLANG_WARN_BLOCK_CAPTURE_AUTORELEASING = YES;
				CLANG_WARN_BOOL_CONVERSION = YES;
				CLANG_WARN_COMMA = YES;
				CLANG_WARN_CONSTANT_CONVERSION = YES;
				CLANG_WARN_DEPRECATED_OBJC_IMPLEMENTATIONS = YES;
				CLANG_WARN_DIRECT_OBJC_ISA_USAGE = YES_ERROR;
				CLANG_WARN_DOCUMENTATION_COMMENTS = YES;
				CLANG_WARN_EMPTY_BODY = YES;
				CLANG_WARN_ENUM_CONVERSION = YES;
				CLANG_WARN_INFINITE_RECURSION = YES;
				CLANG_WARN_INT_CONVERSION = YES;
				CLANG_WARN_NON_LITERAL_NULL_CONVERSION = YES;
				CLANG_WARN_OBJC_IMPLICIT_RETAIN_SELF = YES;
				CLANG_WARN_OBJC_LITERAL_CONVERSION = YES;
				CLANG_WARN_OBJC_ROOT_CLASS = YES_ERROR;
				CLANG_WARN_RANGE_LOOP_ANALYSIS = YES;
				CLANG_WARN_STRICT_PROTOTYPES = YES;
				CLANG_WARN_SUSPICIOUS_MOVE = YES;
				CLANG_WARN_UNGUARDED_AVAILABILITY = YES_AGGRESSIVE;
				CLANG_WARN_UNREACHABLE_CODE = YES;
				CLANG_WARN__DUPLICATE_METHOD_MATCH = YES;
				CODE_SIGN_IDENTITY = "iPhone Developer";
				COPY_PHASE_STRIP = NO;
				DEBUG_INFORMATION_FORMAT = dwarf;
				ENABLE_STRICT_OBJC_MSGSEND = YES;
				ENABLE_TESTABILITY = YES;
				GCC_C_LANGUAGE_STANDARD = gnu11;
				GCC_DYNAMIC_NO_PIC = NO;
				GCC_NO_COMMON_BLOCKS = YES;
				GCC_OPTIMIZATION_LEVEL = 0;
				GCC_PREPROCESSOR_DEFINITIONS = (
					"DEBUG=1",
					"$(inherited)",
				);
				GCC_WARN_64_TO_32_BIT_CONVERSION = YES;
				GCC_WARN_ABOUT_RETURN_TYPE = YES_ERROR;
				GCC_WARN_UNDECLARED_SELECTOR = YES;
				GCC_WARN_UNINITIALIZED_AUTOS = YES_AGGRESSIVE;
				GCC_WARN_UNUSED_FUNCTION = YES;
				GCC_WARN_UNUSED_VARIABLE = YES;
				IPHONEOS_DEPLOYMENT_TARGET = 12.1;
				MTL_ENABLE_DEBUG_INFO = INCLUDE_SOURCE;
				MTL_FAST_MATH = YES;
				ONLY_ACTIVE_ARCH = YES;
				SDKROOT = iphoneos;
				SWIFT_ACTIVE_COMPILATION_CONDITIONS = DEBUG;
				SWIFT_OPTIMIZATION_LEVEL = "-Onone";
			};
			name = Debug;
		};
		1C3B3E2A278ED4C900D51A47 /* Release */ = {
			isa = XCBuildConfiguration;
			buildSettings = {
				ALWAYS_SEARCH_USER_PATHS = NO;
				CLANG_ANALYZER_NONNULL = YES;
				CLANG_ANALYZER_NUMBER_OBJECT_CONVERSION = YES_AGGRESSIVE;
				CLANG_CXX_LANGUAGE_STANDARD = "gnu++14";
				CLANG_CXX_LIBRARY = "libc++";
				CLANG_ENABLE_MODULES = YES;
				CLANG_ENABLE_OBJC_ARC = YES;
				CLANG_ENABLE_OBJC_WEAK = YES;
				CLANG_WARN_BLOCK_CAPTURE_AUTORELEASING = YES;
				CLANG_WARN_BOOL_CONVERSION = YES;
				CLANG_WARN_COMMA = YES;
				CLANG_WARN_CONSTANT_CONVERSION = YES;
				CLANG_WARN_DEPRECATED_OBJC_IMPLEMENTATIONS = YES;
				CLANG_WARN_DIRECT_OBJC_ISA_USAGE = YES_ERROR;
				CLANG_WARN_DOCUMENTATION_COMMENTS = YES;
				CLANG_WARN_EMPTY_BODY = YES;
				CLANG_WARN_ENUM_CONVERSION = YES;
				CLANG_WARN_INFINITE_RECURSION = YES;
				CLANG_WARN_INT_CONVERSION = YES;
				CLANG_WARN_NON_LITERAL_NULL_CONVERSION = YES;
				CLANG_WARN_OBJC_IMPLICIT_RETAIN_SELF = YES;
				CLANG_WARN_OBJC_LITERAL_CONVERSION = YES;
				CLANG_WARN_OBJC_ROOT_CLASS = YES_ERROR;
				CLANG_WARN_RANGE_LOOP_ANALYSIS = YES;
				CLANG_WARN_STRICT_PROTOTYPES = YES;
				CLANG_WARN_SUSPICIOUS_MOVE = YES;
				CLANG_WARN_UNGUARDED_AVAILABILITY = YES_AGGRESSIVE;
				CLANG_WARN_UNREACHABLE_CODE = YES;
				CLANG_WARN__DUPLICATE_METHOD_MATCH = YES;
				CODE_SIGN_IDENTITY = "iPhone Developer";
				COPY_PHASE_STRIP = NO;
				DEBUG_INFORMATION_FORMAT = "dwarf-with-dsym";
				ENABLE_NS_ASSERTIONS = NO;
				ENABLE_STRICT_OBJC_MSGSEND = YES;
				GCC_C_LANGUAGE_STANDARD = gnu11;
				GCC_NO_COMMON_BLOCKS = YES;
				GCC_WARN_64_TO_32_BIT_CONVERSION = YES;
				GCC_WARN_ABOUT_RETURN_TYPE = YES_ERROR;
				GCC_WARN_UNDECLARED_SELECTOR = YES;
				GCC_WARN_UNINITIALIZED_AUTOS = YES_AGGRESSIVE;
				GCC_WARN_UNUSED_FUNCTION = YES;
				GCC_WARN_UNUSED_VARIABLE = YES;
				IPHONEOS_DEPLOYMENT_TARGET = 12.1;
				MTL_ENABLE_DEBUG_INFO = NO;
				MTL_FAST_MATH = YES;
				SDKROOT = iphoneos;
				SWIFT_COMPILATION_MODE = wholemodule;
				SWIFT_OPTIMIZATION_LEVEL = "-O";
				VALIDATE_PRODUCT = YES;
			};
			name = Release;
		};
		1C3B3E2C278ED4C900D51A47 /* Debug */ = {
			isa = XCBuildConfiguration;
			buildSettings = {
				ASSETCATALOG_COMPILER_APPICON_NAME = AppIcon;
				CODE_SIGN_STYLE = Automatic;
				INFOPLIST_FILE = Vlatpadd/Info.plist;
				LD_RUNPATH_SEARCH_PATHS = (
					"$(inherited)",
					"@executable_path/Frameworks",
				);
				PRODUCT_BUNDLE_IDENTIFIER = com.tifnelkas.Vlatpadd;
				PRODUCT_NAME = "$(TARGET_NAME)";
				SWIFT_VERSION = 4.2;
				TARGETED_DEVICE_FAMILY = "1,2";
			};
			name = Debug;
		};
		1C3B3E2D278ED4C900D51A47 /* Release */ = {
			isa = XCBuildConfiguration;
			buildSettings = {
				ASSETCATALOG_COMPILER_APPICON_NAME = AppIcon;
				CODE_SIGN_STYLE = Automatic;
				INFOPLIST_FILE = Vlatpadd/Info.plist;
				LD_RUNPATH_SEARCH_PATHS = (
					"$(inherited)",
					"@executable_path/Frameworks",
				);
				PRODUCT_BUNDLE_IDENTIFIER = com.tifnelkas.Vlatpadd;
				PRODUCT_NAME = "$(TARGET_NAME)";
				SWIFT_VERSION = 4.2;
				TARGETED_DEVICE_FAMILY = "1,2";
			};
			name = Release;
		};
/* End XCBuildConfiguration section */

/* Begin XCConfigurationList section */
		1C3B3E11278ED4C700D51A47 /* Build configuration list for PBXProject "Vlatpadd" */ = {
			isa = XCConfigurationList;
			buildConfigurations = (
				1C3B3E29278ED4C900D51A47 /* Debug */,
				1C3B3E2A278ED4C900D51A47 /* Release */,
			);
			defaultConfigurationIsVisible = 0;
			defaultConfigurationName = Release;
		};
		1C3B3E2B278ED4C900D51A47 /* Build configuration list for PBXNativeTarget "Vlatpadd" */ = {
			isa = XCConfigurationList;
			buildConfigurations = (
				1C3B3E2C278ED4C900D51A47 /* Debug */,
				1C3B3E2D278ED4C900D51A47 /* Release */,
			);
			defaultConfigurationIsVisible = 0;
			defaultConfigurationName = Release;
		};
/* End XCConfigurationList section */

/* Begin XCVersionGroup section */
		1C3B3E20278ED4C700D51A47 /* Vlatpadd.xcdatamodeld */ = {
			isa = XCVersionGroup;
			children = (
				1C3B3E21278ED4C700D51A47 /* Vlatpadd.xcdatamodel */,
			);
			currentVersion = 1C3B3E21278ED4C700D51A47 /* Vlatpadd.xcdatamodel */;
			path = Vlatpadd.xcdatamodeld;
			sourceTree = "<group>";
			versionGroupType = wrapper.xcdatamodel;
		};
/* End XCVersionGroup section */
	};
	rootObject = 1C3B3E0E278ED4C700D51A47 /* Project object */;
}
